
Microsoft Visual Studio Solution File, Format Version 12.00
# Visual Studio Version 17
VisualStudioVersion = 17.0.31903.59
MinimumVisualStudioVersion = 10.0.40219.1
Project("{FAE04EC0-301F-11D3-BF4B-00C04F79EFBC}") = "JealPrototype.Domain", "JealPrototype.Domain\JealPrototype.Domain.csproj", "{B1CF3A83-AF01-40B8-AB0A-B08FFA1FD360}"
EndProject
Project("{FAE04EC0-301F-11D3-BF4B-00C04F79EFBC}") = "JealPrototype.Application", "JealPrototype.Application\JealPrototype.Application.csproj", "{BB7A2230-715D-4B9D-BE4C-FD1597A06D14}"
EndProject
Project("{FAE04EC0-301F-11D3-BF4B-00C04F79EFBC}") = "JealPrototype.Infrastructure", "JealPrototype.Infrastructure\JealPrototype.Infrastructure.csproj", "{57ADC681-E9B5-4E54-B40D-1178F628D3C3}"
EndProject
Project("{FAE04EC0-301F-11D3-BF4B-00C04F79EFBC}") = "JealPrototype.API", "JealPrototype.API\JealPrototype.API.csproj", "{241B3F34-3C9F-4DDC-A35E-B9926C6D6126}"
EndProject
Project("{FAE04EC0-301F-11D3-BF4B-00C04F79EFBC}") = "JealPrototype.Tests.Unit", "JealPrototype.Tests.Unit\JealPrototype.Tests.Unit.csproj", "{D686D040-EAFB-4062-B0EF-F40151A7794D}"
EndProject
Project("{FAE04EC0-301F-11D3-BF4B-00C04F79EFBC}") = "JealPrototype.Tests.Integration", "JealPrototype.Tests.Integration\JealPrototype.Tests.Integration.csproj", "{ACE75072-2163-43C9-8C66-6403B8D03A04}"
EndProject
Global
	GlobalSection(SolutionConfigurationPlatforms) = preSolution
		Debug|Any CPU = Debug|Any CPU
		Release|Any CPU = Release|Any CPU
	EndGlobalSection
	GlobalSection(SolutionProperties) = preSolution
		HideSolutionNode = FALSE
	EndGlobalSection
	GlobalSection(ProjectConfigurationPlatforms) = postSolution
		{B1CF3A83-AF01-40B8-AB0A-B08FFA1FD360}.Debug|Any CPU.ActiveCfg = Debug|Any CPU
		{B1CF3A83-AF01-40B8-AB0A-B08FFA1FD360}.Debug|Any CPU.Build.0 = Debug|Any CPU
		{B1CF3A83-AF01-40B8-AB0A-B08FFA1FD360}.Release|Any CPU.ActiveCfg = Release|Any CPU
		{B1CF3A83-AF01-40B8-AB0A-B08FFA1FD360}.Release|Any CPU.Build.0 = Release|Any CPU
		{BB7A2230-715D-4B9D-BE4C-FD1597A06D14}.Debug|Any CPU.ActiveCfg = Debug|Any CPU
		{BB7A2230-715D-4B9D-BE4C-FD1597A06D14}.Debug|Any CPU.Build.0 = Debug|Any CPU
		{BB7A2230-715D-4B9D-BE4C-FD1597A06D14}.Release|Any CPU.ActiveCfg = Release|Any CPU
		{BB7A2230-715D-4B9D-BE4C-FD1597A06D14}.Release|Any CPU.Build.0 = Release|Any CPU
		{57ADC681-E9B5-4E54-B40D-1178F628D3C3}.Debug|Any CPU.ActiveCfg = Debug|Any CPU
		{57ADC681-E9B5-4E54-B40D-1178F628D3C3}.Debug|Any CPU.Build.0 = Debug|Any CPU
		{57ADC681-E9B5-4E54-B40D-1178F628D3C3}.Release|Any CPU.ActiveCfg = Release|Any CPU
		{57ADC681-E9B5-4E54-B40D-1178F628D3C3}.Release|Any CPU.Build.0 = Release|Any CPU
		{241B3F34-3C9F-4DDC-A35E-B9926C6D6126}.Debug|Any CPU.ActiveCfg = Debug|Any CPU
		{241B3F34-3C9F-4DDC-A35E-B9926C6D6126}.Debug|Any CPU.Build.0 = Debug|Any CPU
		{241B3F34-3C9F-4DDC-A35E-B9926C6D6126}.Release|Any CPU.ActiveCfg = Release|Any CPU
		{241B3F34-3C9F-4DDC-A35E-B9926C6D6126}.Release|Any CPU.Build.0 = Release|Any CPU
		{D686D040-EAFB-4062-B0EF-F40151A7794D}.Debug|Any CPU.ActiveCfg = Debug|Any CPU
		{D686D040-EAFB-4062-B0EF-F40151A7794D}.Debug|Any CPU.Build.0 = Debug|Any CPU
		{D686D040-EAFB-4062-B0EF-F40151A7794D}.Release|Any CPU.ActiveCfg = Release|Any CPU
		{D686D040-EAFB-4062-B0EF-F40151A7794D}.Release|Any CPU.Build.0 = Release|Any CPU
		{ACE75072-2163-43C9-8C66-6403B8D03A04}.Debug|Any CPU.ActiveCfg = Debug|Any CPU
		{ACE75072-2163-43C9-8C66-6403B8D03A04}.Debug|Any CPU.Build.0 = Debug|Any CPU
		{ACE75072-2163-43C9-8C66-6403B8D03A04}.Release|Any CPU.ActiveCfg = Release|Any CPU
		{ACE75072-2163-43C9-8C66-6403B8D03A04}.Release|Any CPU.Build.0 = Release|Any CPU
	EndGlobalSection
EndGlobal
